// !$*UTF8*$!
{
	archiveVersion = 1;
	classes = {
	};
	objectVersion = 77;
	objects = {

/* Begin PBXContainerItemProxy section */
		B95418E52D049CC6007D95A0 /* PBXContainerItemProxy */ = {
			isa = PBXContainerItemProxy;
			containerPortal = B95418CC2D049CC3007D95A0 /* Project object */;
			proxyType = 1;
			remoteGlobalIDString = B95418D32D049CC3007D95A0;
			remoteInfo = HelloCustomLIDARWorld;
		};
		B95418EF2D049CC6007D95A0 /* PBXContainerItemProxy */ = {
			isa = PBXContainerItemProxy;
			containerPortal = B95418CC2D049CC3007D95A0 /* Project object */;
			proxyType = 1;
			remoteGlobalIDString = B95418D32D049CC3007D95A0;
			remoteInfo = HelloCustomLIDARWorld;
		};
/* End PBXContainerItemProxy section */

/* Begin PBXFileReference section */
		B95418D42D049CC3007D95A0 /* HelloCustomLIDARWorld.app */ = {isa = PBXFileReference; explicitFileType = wrapper.application; includeInIndex = 0; path = HelloCustomLIDARWorld.app; sourceTree = BUILT_PRODUCTS_DIR; };
		B95418E42D049CC6007D95A0 /* HelloCustomLIDARWorldTests.xctest */ = {isa = PBXFileReference; explicitFileType = wrapper.cfbundle; includeInIndex = 0; path = HelloCustomLIDARWorldTests.xctest; sourceTree = BUILT_PRODUCTS_DIR; };
		B95418EE2D049CC6007D95A0 /* HelloCustomLIDARWorldUITests.xctest */ = {isa = PBXFileReference; explicitFileType = wrapper.cfbundle; includeInIndex = 0; path = HelloCustomLIDARWorldUITests.xctest; sourceTree = BUILT_PRODUCTS_DIR; };
/* End PBXFileReference section */

/* Begin PBXFileSystemSynchronizedRootGroup section */
		B95418D62D049CC3007D95A0 /* HelloCustomLIDARWorld */ = {
			isa = PBXFileSystemSynchronizedRootGroup;
			path = HelloCustomLIDARWorld;
			sourceTree = "<group>";
		};
/* End PBXFileSystemSynchronizedRootGroup section */

/* Begin PBXFrameworksBuildPhase section */
		B95418D12D049CC3007D95A0 /* Frameworks */ = {
			isa = PBXFrameworksBuildPhase;
			buildActionMask = 2147483647;
			files = (
			);
			runOnlyForDeploymentPostprocessing = 0;
		};
		B95418E12D049CC6007D95A0 /* Frameworks */ = {
			isa = PBXFrameworksBuildPhase;
			buildActionMask = 2147483647;
			files = (
			);
			runOnlyForDeploymentPostprocessing = 0;
		};
		B95418EB2D049CC6007D95A0 /* Frameworks */ = {
			isa = PBXFrameworksBuildPhase;
			buildActionMask = 2147483647;
			files = (
			);
			runOnlyForDeploymentPostprocessing = 0;
		};
/* End PBXFrameworksBuildPhase section */

/* Begin PBXGroup section */
		B95418CB2D049CC3007D95A0 = {
			isa = PBXGroup;
			children = (
				B95418D62D049CC3007D95A0 /* HelloCustomLIDARWorld */,
				B95418D52D049CC3007D95A0 /* Products */,
			);
			sourceTree = "<group>";
		};
		B95418D52D049CC3007D95A0 /* Products */ = {
			isa = PBXGroup;
			children = (
				B95418D42D049CC3007D95A0 /* HelloCustomLIDARWorld.app */,
				B95418E42D049CC6007D95A0 /* HelloCustomLIDARWorldTests.xctest */,
				B95418EE2D049CC6007D95A0 /* HelloCustomLIDARWorldUITests.xctest */,
			);
			name = Products;
			sourceTree = "<group>";
		};
/* End PBXGroup section */

/* Begin PBXNativeTarget section */
		B95418D32D049CC3007D95A0 /* HelloCustomLIDARWorld */ = {
			isa = PBXNativeTarget;
			buildConfigurationList = B95418F82D049CC6007D95A0 /* Build configuration list for PBXNativeTarget "HelloCustomLIDARWorld" */;
			buildPhases = (
				B95418D02D049CC3007D95A0 /* Sources */,
				B95418D12D049CC3007D95A0 /* Frameworks */,
				B95418D22D049CC3007D95A0 /* Resources */,
			);
			buildRules = (
			);
			dependencies = (
			);
			fileSystemSynchronizedGroups = (
				B95418D62D049CC3007D95A0 /* HelloCustomLIDARWorld */,
			);
			name = HelloCustomLIDARWorld;
			packageProductDependencies = (
			);
			productName = HelloCustomLIDARWorld;
			productReference = B95418D42D049CC3007D95A0 /* HelloCustomLIDARWorld.app */;
			productType = "com.apple.product-type.application";
		};
		B95418E32D049CC6007D95A0 /* HelloCustomLIDARWorldTests */ = {
			isa = PBXNativeTarget;
			buildConfigurationList = B95418FB2D049CC6007D95A0 /* Build configuration list for PBXNativeTarget "HelloCustomLIDARWorldTests" */;
			buildPhases = (
				B95418E02D049CC6007D95A0 /* Sources */,
				B95418E12D049CC6007D95A0 /* Frameworks */,
				B95418E22D049CC6007D95A0 /* Resources */,
			);
			buildRules = (
			);
			dependencies = (
				B95418E62D049CC6007D95A0 /* PBXTargetDependency */,
			);
			name = HelloCustomLIDARWorldTests;
			packageProductDependencies = (
			);
			productName = HelloCustomLIDARWorldTests;
			productReference = B95418E42D049CC6007D95A0 /* HelloCustomLIDARWorldTests.xctest */;
			productType = "com.apple.product-type.bundle.unit-test";
		};
		B95418ED2D049CC6007D95A0 /* HelloCustomLIDARWorldUITests */ = {
			isa = PBXNativeTarget;
			buildConfigurationList = B95418FE2D049CC6007D95A0 /* Build configuration list for PBXNativeTarget "HelloCustomLIDARWorldUITests" */;
			buildPhases = (
				B95418EA2D049CC6007D95A0 /* Sources */,
				B95418EB2D049CC6007D95A0 /* Frameworks */,
				B95418EC2D049CC6007D95A0 /* Resources */,
			);
			buildRules = (
			);
			dependencies = (
				B95418F02D049CC6007D95A0 /* PBXTargetDependency */,
			);
			name = HelloCustomLIDARWorldUITests;
			packageProductDependencies = (
			);
			productName = HelloCustomLIDARWorldUITests;
			productReference = B95418EE2D049CC6007D95A0 /* HelloCustomLIDARWorldUITests.xctest */;
			productType = "com.apple.product-type.bundle.ui-testing";
		};
/* End PBXNativeTarget section */

/* Begin PBXProject section */
		B95418CC2D049CC3007D95A0 /* Project object */ = {
			isa = PBXProject;
			attributes = {
				BuildIndependentTargetsInParallel = 1;
				LastSwiftUpdateCheck = 1610;
				LastUpgradeCheck = 1610;
				TargetAttributes = {
					B95418D32D049CC3007D95A0 = {
						CreatedOnToolsVersion = 16.1;
					};
					B95418E32D049CC6007D95A0 = {
						CreatedOnToolsVersion = 16.1;
						TestTargetID = B95418D32D049CC3007D95A0;
					};
					B95418ED2D049CC6007D95A0 = {
						CreatedOnToolsVersion = 16.1;
						TestTargetID = B95418D32D049CC3007D95A0;
					};
				};
			};
			buildConfigurationList = B95418CF2D049CC3007D95A0 /* Build configuration list for PBXProject "HelloCustomLIDARWorld" */;
			developmentRegion = en;
			hasScannedForEncodings = 0;
			knownRegions = (
				en,
				Base,
			);
			mainGroup = B95418CB2D049CC3007D95A0;
			minimizedProjectReferenceProxies = 1;
			preferredProjectObjectVersion = 77;
			productRefGroup = B95418D52D049CC3007D95A0 /* Products */;
			projectDirPath = "";
			projectRoot = "";
			targets = (
				B95418D32D049CC3007D95A0 /* HelloCustomLIDARWorld */,
				B95418E32D049CC6007D95A0 /* HelloCustomLIDARWorldTests */,
				B95418ED2D049CC6007D95A0 /* HelloCustomLIDARWorldUITests */,
			);
		};
/* End PBXProject section */

/* Begin PBXResourcesBuildPhase section */
		B95418D22D049CC3007D95A0 /* Resources */ = {
			isa = PBXResourcesBuildPhase;
			buildActionMask = 2147483647;
			files = (
			);
			runOnlyForDeploymentPostprocessing = 0;
		};
		B95418E22D049CC6007D95A0 /* Resources */ = {
			isa = PBXResourcesBuildPhase;
			buildActionMask = 2147483647;
			files = (
			);
			runOnlyForDeploymentPostprocessing = 0;
		};
		B95418EC2D049CC6007D95A0 /* Resources */ = {
			isa = PBXResourcesBuildPhase;
			buildActionMask = 2147483647;
			files = (
			);
			runOnlyForDeploymentPostprocessing = 0;
		};
/* End PBXResourcesBuildPhase section */

/* Begin PBXSourcesBuildPhase section */
		B95418D02D049CC3007D95A0 /* Sources */ = {
			isa = PBXSourcesBuildPhase;
			buildActionMask = 2147483647;
			files = (
			);
			runOnlyForDeploymentPostprocessing = 0;
		};
		B95418E02D049CC6007D95A0 /* Sources */ = {
			isa = PBXSourcesBuildPhase;
			buildActionMask = 2147483647;
			files = (
			);
			runOnlyForDeploymentPostprocessing = 0;
		};
		B95418EA2D049CC6007D95A0 /* Sources */ = {
			isa = PBXSourcesBuildPhase;
			buildActionMask = 2147483647;
			files = (
			);
			runOnlyForDeploymentPostprocessing = 0;
		};
/* End PBXSourcesBuildPhase section */

/* Begin PBXTargetDependency section */
		B95418E62D049CC6007D95A0 /* PBXTargetDependency */ = {
			isa = PBXTargetDependency;
			target = B95418D32D049CC3007D95A0 /* HelloCustomLIDARWorld */;
			targetProxy = B95418E52D049CC6007D95A0 /* PBXContainerItemProxy */;
		};
		B95418F02D049CC6007D95A0 /* PBXTargetDependency */ = {
			isa = PBXTargetDependency;
			target = B95418D32D049CC3007D95A0 /* HelloCustomLIDARWorld */;
			targetProxy = B95418EF2D049CC6007D95A0 /* PBXContainerItemProxy */;
		};
/* End PBXTargetDependency section */

/* Begin XCBuildConfiguration section */
		B95418F62D049CC6007D95A0 /* Debug */ = {
			isa = XCBuildConfiguration;
			buildSettings = {
				ALWAYS_SEARCH_USER_PATHS = NO;
				ASSETCATALOG_COMPILER_GENERATE_SWIFT_ASSET_SYMBOL_EXTENSIONS = YES;
				CLANG_ANALYZER_NONNULL = YES;
				CLANG_ANALYZER_NUMBER_OBJECT_CONVERSION = YES_AGGRESSIVE;
				CLANG_CXX_LANGUAGE_STANDARD = "gnu++20";
				CLANG_ENABLE_MODULES = YES;
				CLANG_ENABLE_OBJC_ARC = YES;
				CLANG_ENABLE_OBJC_WEAK = YES;
				CLANG_WARN_BLOCK_CAPTURE_AUTORELEASING = YES;
				CLANG_WARN_BOOL_CONVERSION = YES;
				CLANG_WARN_COMMA = YES;
				CLANG_WARN_CONSTANT_CONVERSION = YES;
				CLANG_WARN_DEPRECATED_OBJC_IMPLEMENTATIONS = YES;
				CLANG_WARN_DIRECT_OBJC_ISA_USAGE = YES_ERROR;
				CLANG_WARN_DOCUMENTATION_COMMENTS = YES;
				CLANG_WARN_EMPTY_BODY = YES;
				CLANG_WARN_ENUM_CONVERSION = YES;
				CLANG_WARN_INFINITE_RECURSION = YES;
				CLANG_WARN_INT_CONVERSION = YES;
				CLANG_WARN_NON_LITERAL_NULL_CONVERSION = YES;
				CLANG_WARN_OBJC_IMPLICIT_RETAIN_SELF = YES;
				CLANG_WARN_OBJC_LITERAL_CONVERSION = YES;
				CLANG_WARN_OBJC_ROOT_CLASS = YES_ERROR;
				CLANG_WARN_QUOTED_INCLUDE_IN_FRAMEWORK_HEADER = YES;
				CLANG_WARN_RANGE_LOOP_ANALYSIS = YES;
				CLANG_WARN_STRICT_PROTOTYPES = YES;
				CLANG_WARN_SUSPICIOUS_MOVE = YES;
				CLANG_WARN_UNGUARDED_AVAILABILITY = YES_AGGRESSIVE;
				CLANG_WARN_UNREACHABLE_CODE = YES;
				CLANG_WARN__DUPLICATE_METHOD_MATCH = YES;
				COPY_PHASE_STRIP = NO;
				DEBUG_INFORMATION_FORMAT = dwarf;
				ENABLE_STRICT_OBJC_MSGSEND = YES;
				ENABLE_TESTABILITY = YES;
				ENABLE_USER_SCRIPT_SANDBOXING = YES;
				GCC_C_LANGUAGE_STANDARD = gnu17;
				GCC_DYNAMIC_NO_PIC = NO;
				GCC_NO_COMMON_BLOCKS = YES;
				GCC_OPTIMIZATION_LEVEL = 0;
				GCC_PREPROCESSOR_DEFINITIONS = (
					"DEBUG=1",
					"$(inherited)",
				);
				GCC_WARN_64_TO_32_BIT_CONVERSION = YES;
				GCC_WARN_ABOUT_RETURN_TYPE = YES_ERROR;
				GCC_WARN_UNDECLARED_SELECTOR = YES;
				GCC_WARN_UNINITIALIZED_AUTOS = YES_AGGRESSIVE;
				GCC_WARN_UNUSED_FUNCTION = YES;
				GCC_WARN_UNUSED_VARIABLE = YES;
				IPHONEOS_DEPLOYMENT_TARGET = 18.1;
				LOCALIZATION_PREFERS_STRING_CATALOGS = YES;
				MTL_ENABLE_DEBUG_INFO = INCLUDE_SOURCE;
				MTL_FAST_MATH = YES;
				ONLY_ACTIVE_ARCH = YES;
				SDKROOT = iphoneos;
				SWIFT_ACTIVE_COMPILATION_CONDITIONS = "DEBUG $(inherited)";
				SWIFT_OPTIMIZATION_LEVEL = "-Onone";
			};
			name = Debug;
		};
		B95418F72D049CC6007D95A0 /* Release */ = {
			isa = XCBuildConfiguration;
			buildSettings = {
				ALWAYS_SEARCH_USER_PATHS = NO;
				ASSETCATALOG_COMPILER_GENERATE_SWIFT_ASSET_SYMBOL_EXTENSIONS = YES;
				CLANG_ANALYZER_NONNULL = YES;
				CLANG_ANALYZER_NUMBER_OBJECT_CONVERSION = YES_AGGRESSIVE;
				CLANG_CXX_LANGUAGE_STANDARD = "gnu++20";
				CLANG_ENABLE_MODULES = YES;
				CLANG_ENABLE_OBJC_ARC = YES;
				CLANG_ENABLE_OBJC_WEAK = YES;
				CLANG_WARN_BLOCK_CAPTURE_AUTORELEASING = YES;
				CLANG_WARN_BOOL_CONVERSION = YES;
				CLANG_WARN_COMMA = YES;
				CLANG_WARN_CONSTANT_CONVERSION = YES;
				CLANG_WARN_DEPRECATED_OBJC_IMPLEMENTATIONS = YES;
				CLANG_WARN_DIRECT_OBJC_ISA_USAGE = YES_ERROR;
				CLANG_WARN_DOCUMENTATION_COMMENTS = YES;
				CLANG_WARN_EMPTY_BODY = YES;
				CLANG_WARN_ENUM_CONVERSION = YES;
				CLANG_WARN_INFINITE_RECURSION = YES;
				CLANG_WARN_INT_CONVERSION = YES;
				CLANG_WARN_NON_LITERAL_NULL_CONVERSION = YES;
				CLANG_WARN_OBJC_IMPLICIT_RETAIN_SELF = YES;
				CLANG_WARN_OBJC_LITERAL_CONVERSION = YES;
				CLANG_WARN_OBJC_ROOT_CLASS = YES_ERROR;
				CLANG_WARN_QUOTED_INCLUDE_IN_FRAMEWORK_HEADER = YES;
				CLANG_WARN_RANGE_LOOP_ANALYSIS = YES;
				CLANG_WARN_STRICT_PROTOTYPES = YES;
				CLANG_WARN_SUSPICIOUS_MOVE = YES;
				CLANG_WARN_UNGUARDED_AVAILABILITY = YES_AGGRESSIVE;
				CLANG_WARN_UNREACHABLE_CODE = YES;
				CLANG_WARN__DUPLICATE_METHOD_MATCH = YES;
				COPY_PHASE_STRIP = NO;
				DEBUG_INFORMATION_FORMAT = "dwarf-with-dsym";
				ENABLE_NS_ASSERTIONS = NO;
				ENABLE_STRICT_OBJC_MSGSEND = YES;
				ENABLE_USER_SCRIPT_SANDBOXING = YES;
				GCC_C_LANGUAGE_STANDARD = gnu17;
				GCC_NO_COMMON_BLOCKS = YES;
				GCC_WARN_64_TO_32_BIT_CONVERSION = YES;
				GCC_WARN_ABOUT_RETURN_TYPE = YES_ERROR;
				GCC_WARN_UNDECLARED_SELECTOR = YES;
				GCC_WARN_UNINITIALIZED_AUTOS = YES_AGGRESSIVE;
				GCC_WARN_UNUSED_FUNCTION = YES;
				GCC_WARN_UNUSED_VARIABLE = YES;
				IPHONEOS_DEPLOYMENT_TARGET = 18.1;
				LOCALIZATION_PREFERS_STRING_CATALOGS = YES;
				MTL_ENABLE_DEBUG_INFO = NO;
				MTL_FAST_MATH = YES;
				SDKROOT = iphoneos;
				SWIFT_COMPILATION_MODE = wholemodule;
				VALIDATE_PRODUCT = YES;
			};
			name = Release;
		};
		B95418F92D049CC6007D95A0 /* Debug */ = {
			isa = XCBuildConfiguration;
			buildSettings = {
				ASSETCATALOG_COMPILER_APPICON_NAME = AppIcon;
				ASSETCATALOG_COMPILER_GLOBAL_ACCENT_COLOR_NAME = AccentColor;
				CODE_SIGN_STYLE = Automatic;
				CURRENT_PROJECT_VERSION = 1;
				DEVELOPMENT_ASSET_PATHS = "\"HelloCustomLIDARWorld/Preview Content\"";
				DEVELOPMENT_TEAM = 9R488Q5966;
				ENABLE_PREVIEWS = YES;
				GENERATE_INFOPLIST_FILE = YES;
				INFOPLIST_KEY_NSCameraUsageDescription = "This app requires access to your camera to provide augmented reality features.";
				INFOPLIST_KEY_UIApplicationSceneManifest_Generation = YES;
				INFOPLIST_KEY_UIApplicationSupportsIndirectInputEvents = YES;
				INFOPLIST_KEY_UILaunchScreen_Generation = YES;
				INFOPLIST_KEY_UISupportedInterfaceOrientations_iPad = "UIInterfaceOrientationPortrait UIInterfaceOrientationPortraitUpsideDown UIInterfaceOrientationLandscapeLeft UIInterfaceOrientationLandscapeRight";
				INFOPLIST_KEY_UISupportedInterfaceOrientations_iPhone = "UIInterfaceOrientationPortrait UIInterfaceOrientationLandscapeLeft UIInterfaceOrientationLandscapeRight";
				LD_RUNPATH_SEARCH_PATHS = (
					"$(inherited)",
					"@executable_path/Frameworks",
				);
				MARKETING_VERSION = 1.0;
				PRODUCT_BUNDLE_IDENTIFIER = de.brunata.ios.HelloARWorld;
				PRODUCT_NAME = "$(TARGET_NAME)";
				SWIFT_EMIT_LOC_STRINGS = YES;
				SWIFT_VERSION = 5.0;
				TARGETED_DEVICE_FAMILY = "1,2";
			};
			name = Debug;
		};
		B95418FA2D049CC6007D95A0 /* Release */ = {
			isa = XCBuildConfiguration;
			buildSettings = {
				ASSETCATALOG_COMPILER_APPICON_NAME = AppIcon;
				ASSETCATALOG_COMPILER_GLOBAL_ACCENT_COLOR_NAME = AccentColor;
				CODE_SIGN_STYLE = Automatic;
				CURRENT_PROJECT_VERSION = 1;
				DEVELOPMENT_ASSET_PATHS = "\"HelloCustomLIDARWorld/Preview Content\"";
				DEVELOPMENT_TEAM = 9R488Q5966;
				ENABLE_PREVIEWS = YES;
				GENERATE_INFOPLIST_FILE = YES;
				INFOPLIST_KEY_NSCameraUsageDescription = "This app requires access to your camera to provide augmented reality features.";
				INFOPLIST_KEY_UIApplicationSceneManifest_Generation = YES;
				INFOPLIST_KEY_UIApplicationSupportsIndirectInputEvents = YES;
				INFOPLIST_KEY_UILaunchScreen_Generation = YES;
				INFOPLIST_KEY_UISupportedInterfaceOrientations_iPad = "UIInterfaceOrientationPortrait UIInterfaceOrientationPortraitUpsideDown UIInterfaceOrientationLandscapeLeft UIInterfaceOrientationLandscapeRight";
				INFOPLIST_KEY_UISupportedInterfaceOrientations_iPhone = "UIInterfaceOrientationPortrait UIInterfaceOrientationLandscapeLeft UIInterfaceOrientationLandscapeRight";
				LD_RUNPATH_SEARCH_PATHS = (
					"$(inherited)",
					"@executable_path/Frameworks",
				);
				MARKETING_VERSION = 1.0;
				PRODUCT_BUNDLE_IDENTIFIER = de.brunata.ios.HelloARWorld;
				PRODUCT_NAME = "$(TARGET_NAME)";
				SWIFT_EMIT_LOC_STRINGS = YES;
				SWIFT_VERSION = 5.0;
				TARGETED_DEVICE_FAMILY = "1,2";
			};
			name = Release;
		};
		B95418FC2D049CC6007D95A0 /* Debug */ = {
			isa = XCBuildConfiguration;
			buildSettings = {
				BUNDLE_LOADER = "$(TEST_HOST)";
				CODE_SIGN_STYLE = Automatic;
				CURRENT_PROJECT_VERSION = 1;
				DEVELOPMENT_TEAM = 9R488Q5966;
				GENERATE_INFOPLIST_FILE = YES;
				IPHONEOS_DEPLOYMENT_TARGET = 18.1;
				MARKETING_VERSION = 1.0;
				PRODUCT_BUNDLE_IDENTIFIER = de.brunata.ios.HelloCustomLIDARWorldTests;
				PRODUCT_NAME = "$(TARGET_NAME)";
				SWIFT_EMIT_LOC_STRINGS = NO;
				SWIFT_VERSION = 5.0;
				TARGETED_DEVICE_FAMILY = "1,2";
				TEST_HOST = "$(BUILT_PRODUCTS_DIR)/HelloCustomLIDARWorld.app/$(BUNDLE_EXECUTABLE_FOLDER_PATH)/HelloCustomLIDARWorld";
			};
			name = Debug;
		};
		B95418FD2D049CC6007D95A0 /* Release */ = {
			isa = XCBuildConfiguration;
			buildSettings = {
				BUNDLE_LOADER = "$(TEST_HOST)";
				CODE_SIGN_STYLE = Automatic;
				CURRENT_PROJECT_VERSION = 1;
				DEVELOPMENT_TEAM = 9R488Q5966;
				GENERATE_INFOPLIST_FILE = YES;
				IPHONEOS_DEPLOYMENT_TARGET = 18.1;
				MARKETING_VERSION = 1.0;
				PRODUCT_BUNDLE_IDENTIFIER = de.brunata.ios.HelloCustomLIDARWorldTests;
				PRODUCT_NAME = "$(TARGET_NAME)";
				SWIFT_EMIT_LOC_STRINGS = NO;
				SWIFT_VERSION = 5.0;
				TARGETED_DEVICE_FAMILY = "1,2";
				TEST_HOST = "$(BUILT_PRODUCTS_DIR)/HelloCustomLIDARWorld.app/$(BUNDLE_EXECUTABLE_FOLDER_PATH)/HelloCustomLIDARWorld";
			};
			name = Release;
		};
		B95418FF2D049CC6007D95A0 /* Debug */ = {
			isa = XCBuildConfiguration;
			buildSettings = {
				CODE_SIGN_STYLE = Automatic;
				CURRENT_PROJECT_VERSION = 1;
				DEVELOPMENT_TEAM = 9R488Q5966;
				GENERATE_INFOPLIST_FILE = YES;
				MARKETING_VERSION = 1.0;
				PRODUCT_BUNDLE_IDENTIFIER = de.brunata.ios.HelloCustomLIDARWorldUITests;
				PRODUCT_NAME = "$(TARGET_NAME)";
				SWIFT_EMIT_LOC_STRINGS = NO;
				SWIFT_VERSION = 5.0;
				TARGETED_DEVICE_FAMILY = "1,2";
				TEST_TARGET_NAME = HelloCustomLIDARWorld;
			};
			name = Debug;
		};
		B95419002D049CC6007D95A0 /* Release */ = {
			isa = XCBuildConfiguration;
			buildSettings = {
				CODE_SIGN_STYLE = Automatic;
				CURRENT_PROJECT_VERSION = 1;
				DEVELOPMENT_TEAM = 9R488Q5966;
				GENERATE_INFOPLIST_FILE = YES;
				MARKETING_VERSION = 1.0;
				PRODUCT_BUNDLE_IDENTIFIER = de.brunata.ios.HelloCustomLIDARWorldUITests;
				PRODUCT_NAME = "$(TARGET_NAME)";
				SWIFT_EMIT_LOC_STRINGS = NO;
				SWIFT_VERSION = 5.0;
				TARGETED_DEVICE_FAMILY = "1,2";
				TEST_TARGET_NAME = HelloCustomLIDARWorld;
			};
			name = Release;
		};
/* End XCBuildConfiguration section */

/* Begin XCConfigurationList section */
		B95418CF2D049CC3007D95A0 /* Build configuration list for PBXProject "HelloCustomLIDARWorld" */ = {
			isa = XCConfigurationList;
			buildConfigurations = (
				B95418F62D049CC6007D95A0 /* Debug */,
				B95418F72D049CC6007D95A0 /* Release */,
			);
			defaultConfigurationIsVisible = 0;
			defaultConfigurationName = Release;
		};
		B95418F82D049CC6007D95A0 /* Build configuration list for PBXNativeTarget "HelloCustomLIDARWorld" */ = {
			isa = XCConfigurationList;
			buildConfigurations = (
				B95418F92D049CC6007D95A0 /* Debug */,
				B95418FA2D049CC6007D95A0 /* Release */,
			);
			defaultConfigurationIsVisible = 0;
			defaultConfigurationName = Release;
		};
		B95418FB2D049CC6007D95A0 /* Build configuration list for PBXNativeTarget "HelloCustomLIDARWorldTests" */ = {
			isa = XCConfigurationList;
			buildConfigurations = (
				B95418FC2D049CC6007D95A0 /* Debug */,
				B95418FD2D049CC6007D95A0 /* Release */,
			);
			defaultConfigurationIsVisible = 0;
			defaultConfigurationName = Release;
		};
		B95418FE2D049CC6007D95A0 /* Build configuration list for PBXNativeTarget "HelloCustomLIDARWorldUITests" */ = {
			isa = XCConfigurationList;
			buildConfigurations = (
				B95418FF2D049CC6007D95A0 /* Debug */,
				B95419002D049CC6007D95A0 /* Release */,
			);
			defaultConfigurationIsVisible = 0;
			defaultConfigurationName = Release;
		};
/* End XCConfigurationList section */
	};
	rootObject = B95418CC2D049CC3007D95A0 /* Project object */;
}
