// !$*UTF8*$!
{
	archiveVersion = 1;
	classes = {
	};
	objectVersion = 77;
	objects = {

/* Begin PBXContainerItemProxy section */
		B9B972612CFF9B4000B00648 /* PBXContainerItemProxy */ = {
			isa = PBXContainerItemProxy;
			containerPortal = B9B972422CFF9B3F00B00648 /* Project object */;
			proxyType = 1;
			remoteGlobalIDString = B9B972492CFF9B3F00B00648;
			remoteInfo = HelloARWorld;
		};
		B9B9726B2CFF9B4000B00648 /* PBXContainerItemProxy */ = {
			isa = PBXContainerItemProxy;
			containerPortal = B9B972422CFF9B3F00B00648 /* Project object */;
			proxyType = 1;
			remoteGlobalIDString = B9B972492CFF9B3F00B00648;
			remoteInfo = HelloARWorld;
		};
/* End PBXContainerItemProxy section */

/* Begin PBXFileReference section */
		B9B9724A2CFF9B3F00B00648 /* HelloARWorld.app */ = {isa = PBXFileReference; explicitFileType = wrapper.application; includeInIndex = 0; path = HelloARWorld.app; sourceTree = BUILT_PRODUCTS_DIR; };
		B9B972602CFF9B4000B00648 /* HelloARWorldTests.xctest */ = {isa = PBXFileReference; explicitFileType = wrapper.cfbundle; includeInIndex = 0; path = HelloARWorldTests.xctest; sourceTree = BUILT_PRODUCTS_DIR; };
		B9B9726A2CFF9B4000B00648 /* HelloARWorldUITests.xctest */ = {isa = PBXFileReference; explicitFileType = wrapper.cfbundle; includeInIndex = 0; path = HelloARWorldUITests.xctest; sourceTree = BUILT_PRODUCTS_DIR; };
/* End PBXFileReference section */

/* Begin PBXFileSystemSynchronizedRootGroup section */
		B9B9724C2CFF9B3F00B00648 /* HelloARWorld */ = {
			isa = PBXFileSystemSynchronizedRootGroup;
			path = HelloARWorld;
			sourceTree = "<group>";
		};
		B9B972632CFF9B4000B00648 /* HelloARWorldTests */ = {
			isa = PBXFileSystemSynchronizedRootGroup;
			path = HelloARWorldTests;
			sourceTree = "<group>";
		};
		B9B9726D2CFF9B4000B00648 /* HelloARWorldUITests */ = {
			isa = PBXFileSystemSynchronizedRootGroup;
			path = HelloARWorldUITests;
			sourceTree = "<group>";
		};
/* End PBXFileSystemSynchronizedRootGroup section */

/* Begin PBXFrameworksBuildPhase section */
		B9B972472CFF9B3F00B00648 /* Frameworks */ = {
			isa = PBXFrameworksBuildPhase;
			buildActionMask = 2147483647;
			files = (
			);
			runOnlyForDeploymentPostprocessing = 0;
		};
		B9B9725D2CFF9B4000B00648 /* Frameworks */ = {
			isa = PBXFrameworksBuildPhase;
			buildActionMask = 2147483647;
			files = (
			);
			runOnlyForDeploymentPostprocessing = 0;
		};
		B9B972672CFF9B4000B00648 /* Frameworks */ = {
			isa = PBXFrameworksBuildPhase;
			buildActionMask = 2147483647;
			files = (
			);
			runOnlyForDeploymentPostprocessing = 0;
		};
/* End PBXFrameworksBuildPhase section */

/* Begin PBXGroup section */
		B9B972412CFF9B3F00B00648 = {
			isa = PBXGroup;
			children = (
				B9B9724C2CFF9B3F00B00648 /* HelloARWorld */,
				B9B972632CFF9B4000B00648 /* HelloARWorldTests */,
				B9B9726D2CFF9B4000B00648 /* HelloARWorldUITests */,
				B9B9724B2CFF9B3F00B00648 /* Products */,
			);
			sourceTree = "<group>";
		};
		B9B9724B2CFF9B3F00B00648 /* Products */ = {
			isa = PBXGroup;
			children = (
				B9B9724A2CFF9B3F00B00648 /* HelloARWorld.app */,
				B9B972602CFF9B4000B00648 /* HelloARWorldTests.xctest */,
				B9B9726A2CFF9B4000B00648 /* HelloARWorldUITests.xctest */,
			);
			name = Products;
			sourceTree = "<group>";
		};
/* End PBXGroup section */

/* Begin PBXNativeTarget section */
		B9B972492CFF9B3F00B00648 /* HelloARWorld */ = {
			isa = PBXNativeTarget;
			buildConfigurationList = B9B972742CFF9B4000B00648 /* Build configuration list for PBXNativeTarget "HelloARWorld" */;
			buildPhases = (
				B9B972462CFF9B3F00B00648 /* Sources */,
				B9B972472CFF9B3F00B00648 /* Frameworks */,
				B9B972482CFF9B3F00B00648 /* Resources */,
			);
			buildRules = (
			);
			dependencies = (
			);
			fileSystemSynchronizedGroups = (
				B9B9724C2CFF9B3F00B00648 /* HelloARWorld */,
			);
			name = HelloARWorld;
			packageProductDependencies = (
			);
			productName = HelloARWorld;
			productReference = B9B9724A2CFF9B3F00B00648 /* HelloARWorld.app */;
			productType = "com.apple.product-type.application";
		};
		B9B9725F2CFF9B4000B00648 /* HelloARWorldTests */ = {
			isa = PBXNativeTarget;
			buildConfigurationList = B9B972772CFF9B4000B00648 /* Build configuration list for PBXNativeTarget "HelloARWorldTests" */;
			buildPhases = (
				B9B9725C2CFF9B4000B00648 /* Sources */,
				B9B9725D2CFF9B4000B00648 /* Frameworks */,
				B9B9725E2CFF9B4000B00648 /* Resources */,
			);
			buildRules = (
			);
			dependencies = (
				B9B972622CFF9B4000B00648 /* PBXTargetDependency */,
			);
			fileSystemSynchronizedGroups = (
				B9B972632CFF9B4000B00648 /* HelloARWorldTests */,
			);
			name = HelloARWorldTests;
			packageProductDependencies = (
			);
			productName = HelloARWorldTests;
			productReference = B9B972602CFF9B4000B00648 /* HelloARWorldTests.xctest */;
			productType = "com.apple.product-type.bundle.unit-test";
		};
		B9B972692CFF9B4000B00648 /* HelloARWorldUITests */ = {
			isa = PBXNativeTarget;
			buildConfigurationList = B9B9727A2CFF9B4000B00648 /* Build configuration list for PBXNativeTarget "HelloARWorldUITests" */;
			buildPhases = (
				B9B972662CFF9B4000B00648 /* Sources */,
				B9B972672CFF9B4000B00648 /* Frameworks */,
				B9B972682CFF9B4000B00648 /* Resources */,
			);
			buildRules = (
			);
			dependencies = (
				B9B9726C2CFF9B4000B00648 /* PBXTargetDependency */,
			);
			fileSystemSynchronizedGroups = (
				B9B9726D2CFF9B4000B00648 /* HelloARWorldUITests */,
			);
			name = HelloARWorldUITests;
			packageProductDependencies = (
			);
			productName = HelloARWorldUITests;
			productReference = B9B9726A2CFF9B4000B00648 /* HelloARWorldUITests.xctest */;
			productType = "com.apple.product-type.bundle.ui-testing";
		};
/* End PBXNativeTarget section */

/* Begin PBXProject section */
		B9B972422CFF9B3F00B00648 /* Project object */ = {
			isa = PBXProject;
			attributes = {
				BuildIndependentTargetsInParallel = 1;
				LastSwiftUpdateCheck = 1610;
				LastUpgradeCheck = 1610;
				TargetAttributes = {
					B9B972492CFF9B3F00B00648 = {
						CreatedOnToolsVersion = 16.1;
					};
					B9B9725F2CFF9B4000B00648 = {
						CreatedOnToolsVersion = 16.1;
						TestTargetID = B9B972492CFF9B3F00B00648;
					};
					B9B972692CFF9B4000B00648 = {
						CreatedOnToolsVersion = 16.1;
						TestTargetID = B9B972492CFF9B3F00B00648;
					};
				};
			};
			buildConfigurationList = B9B972452CFF9B3F00B00648 /* Build configuration list for PBXProject "HelloARWorld" */;
			developmentRegion = en;
			hasScannedForEncodings = 0;
			knownRegions = (
				en,
				Base,
			);
			mainGroup = B9B972412CFF9B3F00B00648;
			minimizedProjectReferenceProxies = 1;
			preferredProjectObjectVersion = 77;
			productRefGroup = B9B9724B2CFF9B3F00B00648 /* Products */;
			projectDirPath = "";
			projectRoot = "";
			targets = (
				B9B972492CFF9B3F00B00648 /* HelloARWorld */,
				B9B9725F2CFF9B4000B00648 /* HelloARWorldTests */,
				B9B972692CFF9B4000B00648 /* HelloARWorldUITests */,
			);
		};
/* End PBXProject section */

/* Begin PBXResourcesBuildPhase section */
		B9B972482CFF9B3F00B00648 /* Resources */ = {
			isa = PBXResourcesBuildPhase;
			buildActionMask = 2147483647;
			files = (
			);
			runOnlyForDeploymentPostprocessing = 0;
		};
		B9B9725E2CFF9B4000B00648 /* Resources */ = {
			isa = PBXResourcesBuildPhase;
			buildActionMask = 2147483647;
			files = (
			);
			runOnlyForDeploymentPostprocessing = 0;
		};
		B9B972682CFF9B4000B00648 /* Resources */ = {
			isa = PBXResourcesBuildPhase;
			buildActionMask = 2147483647;
			files = (
			);
			runOnlyForDeploymentPostprocessing = 0;
		};
/* End PBXResourcesBuildPhase section */

/* Begin PBXSourcesBuildPhase section */
		B9B972462CFF9B3F00B00648 /* Sources */ = {
			isa = PBXSourcesBuildPhase;
			buildActionMask = 2147483647;
			files = (
			);
			runOnlyForDeploymentPostprocessing = 0;
		};
		B9B9725C2CFF9B4000B00648 /* Sources */ = {
			isa = PBXSourcesBuildPhase;
			buildActionMask = 2147483647;
			files = (
			);
			runOnlyForDeploymentPostprocessing = 0;
		};
		B9B972662CFF9B4000B00648 /* Sources */ = {
			isa = PBXSourcesBuildPhase;
			buildActionMask = 2147483647;
			files = (
			);
			runOnlyForDeploymentPostprocessing = 0;
		};
/* End PBXSourcesBuildPhase section */

/* Begin PBXTargetDependency section */
		B9B972622CFF9B4000B00648 /* PBXTargetDependency */ = {
			isa = PBXTargetDependency;
			target = B9B972492CFF9B3F00B00648 /* HelloARWorld */;
			targetProxy = B9B972612CFF9B4000B00648 /* PBXContainerItemProxy */;
		};
		B9B9726C2CFF9B4000B00648 /* PBXTargetDependency */ = {
			isa = PBXTargetDependency;
			target = B9B972492CFF9B3F00B00648 /* HelloARWorld */;
			targetProxy = B9B9726B2CFF9B4000B00648 /* PBXContainerItemProxy */;
		};
/* End PBXTargetDependency section */

/* Begin XCBuildConfiguration section */
		B9B972722CFF9B4000B00648 /* Debug */ = {
			isa = XCBuildConfiguration;
			buildSettings = {
				ALWAYS_SEARCH_USER_PATHS = NO;
				ASSETCATALOG_COMPILER_GENERATE_SWIFT_ASSET_SYMBOL_EXTENSIONS = YES;
				CLANG_ANALYZER_NONNULL = YES;
				CLANG_ANALYZER_NUMBER_OBJECT_CONVERSION = YES_AGGRESSIVE;
				CLANG_CXX_LANGUAGE_STANDARD = "gnu++20";
				CLANG_ENABLE_MODULES = YES;
				CLANG_ENABLE_OBJC_ARC = YES;
				CLANG_ENABLE_OBJC_WEAK = YES;
				CLANG_WARN_BLOCK_CAPTURE_AUTORELEASING = YES;
				CLANG_WARN_BOOL_CONVERSION = YES;
				CLANG_WARN_COMMA = YES;
				CLANG_WARN_CONSTANT_CONVERSION = YES;
				CLANG_WARN_DEPRECATED_OBJC_IMPLEMENTATIONS = YES;
				CLANG_WARN_DIRECT_OBJC_ISA_USAGE = YES_ERROR;
				CLANG_WARN_DOCUMENTATION_COMMENTS = YES;
				CLANG_WARN_EMPTY_BODY = YES;
				CLANG_WARN_ENUM_CONVERSION = YES;
				CLANG_WARN_INFINITE_RECURSION = YES;
				CLANG_WARN_INT_CONVERSION = YES;
				CLANG_WARN_NON_LITERAL_NULL_CONVERSION = YES;
				CLANG_WARN_OBJC_IMPLICIT_RETAIN_SELF = YES;
				CLANG_WARN_OBJC_LITERAL_CONVERSION = YES;
				CLANG_WARN_OBJC_ROOT_CLASS = YES_ERROR;
				CLANG_WARN_QUOTED_INCLUDE_IN_FRAMEWORK_HEADER = YES;
				CLANG_WARN_RANGE_LOOP_ANALYSIS = YES;
				CLANG_WARN_STRICT_PROTOTYPES = YES;
				CLANG_WARN_SUSPICIOUS_MOVE = YES;
				CLANG_WARN_UNGUARDED_AVAILABILITY = YES_AGGRESSIVE;
				CLANG_WARN_UNREACHABLE_CODE = YES;
				CLANG_WARN__DUPLICATE_METHOD_MATCH = YES;
				COPY_PHASE_STRIP = NO;
				DEBUG_INFORMATION_FORMAT = dwarf;
				ENABLE_STRICT_OBJC_MSGSEND = YES;
				ENABLE_TESTABILITY = YES;
				ENABLE_USER_SCRIPT_SANDBOXING = YES;
				GCC_C_LANGUAGE_STANDARD = gnu17;
				GCC_DYNAMIC_NO_PIC = NO;
				GCC_NO_COMMON_BLOCKS = YES;
				GCC_OPTIMIZATION_LEVEL = 0;
				GCC_PREPROCESSOR_DEFINITIONS = (
					"DEBUG=1",
					"$(inherited)",
				);
				GCC_WARN_64_TO_32_BIT_CONVERSION = YES;
				GCC_WARN_ABOUT_RETURN_TYPE = YES_ERROR;
				GCC_WARN_UNDECLARED_SELECTOR = YES;
				GCC_WARN_UNINITIALIZED_AUTOS = YES_AGGRESSIVE;
				GCC_WARN_UNUSED_FUNCTION = YES;
				GCC_WARN_UNUSED_VARIABLE = YES;
				IPHONEOS_DEPLOYMENT_TARGET = 18.1;
				LOCALIZATION_PREFERS_STRING_CATALOGS = YES;
				MTL_ENABLE_DEBUG_INFO = INCLUDE_SOURCE;
				MTL_FAST_MATH = YES;
				ONLY_ACTIVE_ARCH = YES;
				SDKROOT = iphoneos;
				SWIFT_ACTIVE_COMPILATION_CONDITIONS = "DEBUG $(inherited)";
				SWIFT_OPTIMIZATION_LEVEL = "-Onone";
			};
			name = Debug;
		};
		B9B972732CFF9B4000B00648 /* Release */ = {
			isa = XCBuildConfiguration;
			buildSettings = {
				ALWAYS_SEARCH_USER_PATHS = NO;
				ASSETCATALOG_COMPILER_GENERATE_SWIFT_ASSET_SYMBOL_EXTENSIONS = YES;
				CLANG_ANALYZER_NONNULL = YES;
				CLANG_ANALYZER_NUMBER_OBJECT_CONVERSION = YES_AGGRESSIVE;
				CLANG_CXX_LANGUAGE_STANDARD = "gnu++20";
				CLANG_ENABLE_MODULES = YES;
				CLANG_ENABLE_OBJC_ARC = YES;
				CLANG_ENABLE_OBJC_WEAK = YES;
				CLANG_WARN_BLOCK_CAPTURE_AUTORELEASING = YES;
				CLANG_WARN_BOOL_CONVERSION = YES;
				CLANG_WARN_COMMA = YES;
				CLANG_WARN_CONSTANT_CONVERSION = YES;
				CLANG_WARN_DEPRECATED_OBJC_IMPLEMENTATIONS = YES;
				CLANG_WARN_DIRECT_OBJC_ISA_USAGE = YES_ERROR;
				CLANG_WARN_DOCUMENTATION_COMMENTS = YES;
				CLANG_WARN_EMPTY_BODY = YES;
				CLANG_WARN_ENUM_CONVERSION = YES;
				CLANG_WARN_INFINITE_RECURSION = YES;
				CLANG_WARN_INT_CONVERSION = YES;
				CLANG_WARN_NON_LITERAL_NULL_CONVERSION = YES;
				CLANG_WARN_OBJC_IMPLICIT_RETAIN_SELF = YES;
				CLANG_WARN_OBJC_LITERAL_CONVERSION = YES;
				CLANG_WARN_OBJC_ROOT_CLASS = YES_ERROR;
				CLANG_WARN_QUOTED_INCLUDE_IN_FRAMEWORK_HEADER = YES;
				CLANG_WARN_RANGE_LOOP_ANALYSIS = YES;
				CLANG_WARN_STRICT_PROTOTYPES = YES;
				CLANG_WARN_SUSPICIOUS_MOVE = YES;
				CLANG_WARN_UNGUARDED_AVAILABILITY = YES_AGGRESSIVE;
				CLANG_WARN_UNREACHABLE_CODE = YES;
				CLANG_WARN__DUPLICATE_METHOD_MATCH = YES;
				COPY_PHASE_STRIP = NO;
				DEBUG_INFORMATION_FORMAT = "dwarf-with-dsym";
				ENABLE_NS_ASSERTIONS = NO;
				ENABLE_STRICT_OBJC_MSGSEND = YES;
				ENABLE_USER_SCRIPT_SANDBOXING = YES;
				GCC_C_LANGUAGE_STANDARD = gnu17;
				GCC_NO_COMMON_BLOCKS = YES;
				GCC_WARN_64_TO_32_BIT_CONVERSION = YES;
				GCC_WARN_ABOUT_RETURN_TYPE = YES_ERROR;
				GCC_WARN_UNDECLARED_SELECTOR = YES;
				GCC_WARN_UNINITIALIZED_AUTOS = YES_AGGRESSIVE;
				GCC_WARN_UNUSED_FUNCTION = YES;
				GCC_WARN_UNUSED_VARIABLE = YES;
				IPHONEOS_DEPLOYMENT_TARGET = 18.1;
				LOCALIZATION_PREFERS_STRING_CATALOGS = YES;
				MTL_ENABLE_DEBUG_INFO = NO;
				MTL_FAST_MATH = YES;
				SDKROOT = iphoneos;
				SWIFT_COMPILATION_MODE = wholemodule;
				VALIDATE_PRODUCT = YES;
			};
			name = Release;
		};
		B9B972752CFF9B4000B00648 /* Debug */ = {
			isa = XCBuildConfiguration;
			buildSettings = {
				ASSETCATALOG_COMPILER_APPICON_NAME = AppIcon;
				ASSETCATALOG_COMPILER_GLOBAL_ACCENT_COLOR_NAME = AccentColor;
				CODE_SIGN_STYLE = Automatic;
				CURRENT_PROJECT_VERSION = 1;
				DEVELOPMENT_TEAM = 9R488Q5966;
				GENERATE_INFOPLIST_FILE = YES;
				INFOPLIST_KEY_NSCameraUsageDescription = "";
				INFOPLIST_KEY_UIApplicationSupportsIndirectInputEvents = YES;
				INFOPLIST_KEY_UIMainStoryboardFile = Main;
				INFOPLIST_KEY_UIRequiredDeviceCapabilities = "arkit metal";
				INFOPLIST_KEY_UIRequiresFullScreen = YES;
				INFOPLIST_KEY_UIStatusBarHidden = YES;
				INFOPLIST_KEY_UISupportedInterfaceOrientations = UIInterfaceOrientationLandscapeRight;
				INFOPLIST_KEY_UISupportedInterfaceOrientations_iPad = UIInterfaceOrientationLandscapeRight;
				INFOPLIST_KEY_UISupportedInterfaceOrientations_iPhone = UIInterfaceOrientationLandscapeRight;
				LD_RUNPATH_SEARCH_PATHS = (
					"$(inherited)",
					"@executable_path/Frameworks",
				);
				MARKETING_VERSION = 1.0;
				PRODUCT_BUNDLE_IDENTIFIER = de.brunata.ios.HelloARWorld;
				PRODUCT_NAME = "$(TARGET_NAME)";
				SWIFT_EMIT_LOC_STRINGS = YES;
				SWIFT_OBJC_BRIDGING_HEADER = "HelloARWorld/HelloARWorld-Bridging-Header.h";
				SWIFT_VERSION = 5.0;
				TARGETED_DEVICE_FAMILY = "1,2";
			};
			name = Debug;
		};
		B9B972762CFF9B4000B00648 /* Release */ = {
			isa = XCBuildConfiguration;
			buildSettings = {
				ASSETCATALOG_COMPILER_APPICON_NAME = AppIcon;
				ASSETCATALOG_COMPILER_GLOBAL_ACCENT_COLOR_NAME = AccentColor;
				CODE_SIGN_STYLE = Automatic;
				CURRENT_PROJECT_VERSION = 1;
				DEVELOPMENT_TEAM = 9R488Q5966;
				GENERATE_INFOPLIST_FILE = YES;
				INFOPLIST_KEY_NSCameraUsageDescription = "";
				INFOPLIST_KEY_UIApplicationSupportsIndirectInputEvents = YES;
				INFOPLIST_KEY_UIMainStoryboardFile = Main;
				INFOPLIST_KEY_UIRequiredDeviceCapabilities = "arkit metal";
				INFOPLIST_KEY_UIRequiresFullScreen = YES;
				INFOPLIST_KEY_UIStatusBarHidden = YES;
				INFOPLIST_KEY_UISupportedInterfaceOrientations = UIInterfaceOrientationLandscapeRight;
				INFOPLIST_KEY_UISupportedInterfaceOrientations_iPad = UIInterfaceOrientationLandscapeRight;
				INFOPLIST_KEY_UISupportedInterfaceOrientations_iPhone = UIInterfaceOrientationLandscapeRight;
				LD_RUNPATH_SEARCH_PATHS = (
					"$(inherited)",
					"@executable_path/Frameworks",
				);
				MARKETING_VERSION = 1.0;
				PRODUCT_BUNDLE_IDENTIFIER = de.brunata.ios.HelloARWorld;
				PRODUCT_NAME = "$(TARGET_NAME)";
				SWIFT_EMIT_LOC_STRINGS = YES;
				SWIFT_OBJC_BRIDGING_HEADER = "HelloARWorld/HelloARWorld-Bridging-Header.h";
				SWIFT_VERSION = 5.0;
				TARGETED_DEVICE_FAMILY = "1,2";
			};
			name = Release;
		};
		B9B972782CFF9B4000B00648 /* Debug */ = {
			isa = XCBuildConfiguration;
			buildSettings = {
				BUNDLE_LOADER = "$(TEST_HOST)";
				CODE_SIGN_STYLE = Automatic;
				CURRENT_PROJECT_VERSION = 1;
				DEVELOPMENT_TEAM = 9R488Q5966;
				GENERATE_INFOPLIST_FILE = YES;
				IPHONEOS_DEPLOYMENT_TARGET = 18.1;
				MARKETING_VERSION = 1.0;
				PRODUCT_BUNDLE_IDENTIFIER = de.brunata.ios.HelloARWorldTests;
				PRODUCT_NAME = "$(TARGET_NAME)";
				SWIFT_EMIT_LOC_STRINGS = NO;
				SWIFT_VERSION = 5.0;
				TARGETED_DEVICE_FAMILY = "1,2";
				TEST_HOST = "$(BUILT_PRODUCTS_DIR)/HelloARWorld.app/$(BUNDLE_EXECUTABLE_FOLDER_PATH)/HelloARWorld";
			};
			name = Debug;
		};
		B9B972792CFF9B4000B00648 /* Release */ = {
			isa = XCBuildConfiguration;
			buildSettings = {
				BUNDLE_LOADER = "$(TEST_HOST)";
				CODE_SIGN_STYLE = Automatic;
				CURRENT_PROJECT_VERSION = 1;
				DEVELOPMENT_TEAM = 9R488Q5966;
				GENERATE_INFOPLIST_FILE = YES;
				IPHONEOS_DEPLOYMENT_TARGET = 18.1;
				MARKETING_VERSION = 1.0;
				PRODUCT_BUNDLE_IDENTIFIER = de.brunata.ios.HelloARWorldTests;
				PRODUCT_NAME = "$(TARGET_NAME)";
				SWIFT_EMIT_LOC_STRINGS = NO;
				SWIFT_VERSION = 5.0;
				TARGETED_DEVICE_FAMILY = "1,2";
				TEST_HOST = "$(BUILT_PRODUCTS_DIR)/HelloARWorld.app/$(BUNDLE_EXECUTABLE_FOLDER_PATH)/HelloARWorld";
			};
			name = Release;
		};
		B9B9727B2CFF9B4000B00648 /* Debug */ = {
			isa = XCBuildConfiguration;
			buildSettings = {
				CODE_SIGN_STYLE = Automatic;
				CURRENT_PROJECT_VERSION = 1;
				DEVELOPMENT_TEAM = 9R488Q5966;
				GENERATE_INFOPLIST_FILE = YES;
				MARKETING_VERSION = 1.0;
				PRODUCT_BUNDLE_IDENTIFIER = de.brunata.ios.HelloARWorldUITests;
				PRODUCT_NAME = "$(TARGET_NAME)";
				SWIFT_EMIT_LOC_STRINGS = NO;
				SWIFT_VERSION = 5.0;
				TARGETED_DEVICE_FAMILY = "1,2";
				TEST_TARGET_NAME = HelloARWorld;
			};
			name = Debug;
		};
		B9B9727C2CFF9B4000B00648 /* Release */ = {
			isa = XCBuildConfiguration;
			buildSettings = {
				CODE_SIGN_STYLE = Automatic;
				CURRENT_PROJECT_VERSION = 1;
				DEVELOPMENT_TEAM = 9R488Q5966;
				GENERATE_INFOPLIST_FILE = YES;
				MARKETING_VERSION = 1.0;
				PRODUCT_BUNDLE_IDENTIFIER = de.brunata.ios.HelloARWorldUITests;
				PRODUCT_NAME = "$(TARGET_NAME)";
				SWIFT_EMIT_LOC_STRINGS = NO;
				SWIFT_VERSION = 5.0;
				TARGETED_DEVICE_FAMILY = "1,2";
				TEST_TARGET_NAME = HelloARWorld;
			};
			name = Release;
		};
/* End XCBuildConfiguration section */

/* Begin XCConfigurationList section */
		B9B972452CFF9B3F00B00648 /* Build configuration list for PBXProject "HelloARWorld" */ = {
			isa = XCConfigurationList;
			buildConfigurations = (
				B9B972722CFF9B4000B00648 /* Debug */,
				B9B972732CFF9B4000B00648 /* Release */,
			);
			defaultConfigurationIsVisible = 0;
			defaultConfigurationName = Release;
		};
		B9B972742CFF9B4000B00648 /* Build configuration list for PBXNativeTarget "HelloARWorld" */ = {
			isa = XCConfigurationList;
			buildConfigurations = (
				B9B972752CFF9B4000B00648 /* Debug */,
				B9B972762CFF9B4000B00648 /* Release */,
			);
			defaultConfigurationIsVisible = 0;
			defaultConfigurationName = Release;
		};
		B9B972772CFF9B4000B00648 /* Build configuration list for PBXNativeTarget "HelloARWorldTests" */ = {
			isa = XCConfigurationList;
			buildConfigurations = (
				B9B972782CFF9B4000B00648 /* Debug */,
				B9B972792CFF9B4000B00648 /* Release */,
			);
			defaultConfigurationIsVisible = 0;
			defaultConfigurationName = Release;
		};
		B9B9727A2CFF9B4000B00648 /* Build configuration list for PBXNativeTarget "HelloARWorldUITests" */ = {
			isa = XCConfigurationList;
			buildConfigurations = (
				B9B9727B2CFF9B4000B00648 /* Debug */,
				B9B9727C2CFF9B4000B00648 /* Release */,
			);
			defaultConfigurationIsVisible = 0;
			defaultConfigurationName = Release;
		};
/* End XCConfigurationList section */
	};
	rootObject = B9B972422CFF9B3F00B00648 /* Project object */;
}
