// !$*UTF8*$!
{
	archiveVersion = 1;
	classes = {
	};
	objectVersion = 77;
	objects = {

/* Begin PBXContainerItemProxy section */
		B95418AF2D021929007D95A0 /* PBXContainerItemProxy */ = {
			isa = PBXContainerItemProxy;
			containerPortal = B95418962D021927007D95A0 /* Project object */;
			proxyType = 1;
			remoteGlobalIDString = B954189D2D021927007D95A0;
			remoteInfo = HelloCustomARWorld;
		};
		B95418B92D021929007D95A0 /* PBXContainerItemProxy */ = {
			isa = PBXContainerItemProxy;
			containerPortal = B95418962D021927007D95A0 /* Project object */;
			proxyType = 1;
			remoteGlobalIDString = B954189D2D021927007D95A0;
			remoteInfo = HelloCustomARWorld;
		};
/* End PBXContainerItemProxy section */

/* Begin PBXFileReference section */
		B954189E2D021927007D95A0 /* HelloCustomARWorld.app */ = {isa = PBXFileReference; explicitFileType = wrapper.application; includeInIndex = 0; path = HelloCustomARWorld.app; sourceTree = BUILT_PRODUCTS_DIR; };
		B95418AE2D021929007D95A0 /* HelloCustomARWorldTests.xctest */ = {isa = PBXFileReference; explicitFileType = wrapper.cfbundle; includeInIndex = 0; path = HelloCustomARWorldTests.xctest; sourceTree = BUILT_PRODUCTS_DIR; };
		B95418B82D021929007D95A0 /* HelloCustomARWorldUITests.xctest */ = {isa = PBXFileReference; explicitFileType = wrapper.cfbundle; includeInIndex = 0; path = HelloCustomARWorldUITests.xctest; sourceTree = BUILT_PRODUCTS_DIR; };
/* End PBXFileReference section */

/* Begin PBXFileSystemSynchronizedRootGroup section */
		B95418A02D021927007D95A0 /* HelloCustomARWorld */ = {
			isa = PBXFileSystemSynchronizedRootGroup;
			path = HelloCustomARWorld;
			sourceTree = "<group>";
		};
		B95418B12D021929007D95A0 /* HelloCustomARWorldTests */ = {
			isa = PBXFileSystemSynchronizedRootGroup;
			path = HelloCustomARWorldTests;
			sourceTree = "<group>";
		};
		B95418BB2D021929007D95A0 /* HelloCustomARWorldUITests */ = {
			isa = PBXFileSystemSynchronizedRootGroup;
			path = HelloCustomARWorldUITests;
			sourceTree = "<group>";
		};
/* End PBXFileSystemSynchronizedRootGroup section */

/* Begin PBXFrameworksBuildPhase section */
		B954189B2D021927007D95A0 /* Frameworks */ = {
			isa = PBXFrameworksBuildPhase;
			buildActionMask = 2147483647;
			files = (
			);
			runOnlyForDeploymentPostprocessing = 0;
		};
		B95418AB2D021929007D95A0 /* Frameworks */ = {
			isa = PBXFrameworksBuildPhase;
			buildActionMask = 2147483647;
			files = (
			);
			runOnlyForDeploymentPostprocessing = 0;
		};
		B95418B52D021929007D95A0 /* Frameworks */ = {
			isa = PBXFrameworksBuildPhase;
			buildActionMask = 2147483647;
			files = (
			);
			runOnlyForDeploymentPostprocessing = 0;
		};
/* End PBXFrameworksBuildPhase section */

/* Begin PBXGroup section */
		B95418952D021927007D95A0 = {
			isa = PBXGroup;
			children = (
				B95418A02D021927007D95A0 /* HelloCustomARWorld */,
				B95418B12D021929007D95A0 /* HelloCustomARWorldTests */,
				B95418BB2D021929007D95A0 /* HelloCustomARWorldUITests */,
				B954189F2D021927007D95A0 /* Products */,
			);
			sourceTree = "<group>";
		};
		B954189F2D021927007D95A0 /* Products */ = {
			isa = PBXGroup;
			children = (
				B954189E2D021927007D95A0 /* HelloCustomARWorld.app */,
				B95418AE2D021929007D95A0 /* HelloCustomARWorldTests.xctest */,
				B95418B82D021929007D95A0 /* HelloCustomARWorldUITests.xctest */,
			);
			name = Products;
			sourceTree = "<group>";
		};
/* End PBXGroup section */

/* Begin PBXNativeTarget section */
		B954189D2D021927007D95A0 /* HelloCustomARWorld */ = {
			isa = PBXNativeTarget;
			buildConfigurationList = B95418C22D021929007D95A0 /* Build configuration list for PBXNativeTarget "HelloCustomARWorld" */;
			buildPhases = (
				B954189A2D021927007D95A0 /* Sources */,
				B954189B2D021927007D95A0 /* Frameworks */,
				B954189C2D021927007D95A0 /* Resources */,
			);
			buildRules = (
			);
			dependencies = (
			);
			fileSystemSynchronizedGroups = (
				B95418A02D021927007D95A0 /* HelloCustomARWorld */,
			);
			name = HelloCustomARWorld;
			packageProductDependencies = (
			);
			productName = HelloCustomARWorld;
			productReference = B954189E2D021927007D95A0 /* HelloCustomARWorld.app */;
			productType = "com.apple.product-type.application";
		};
		B95418AD2D021929007D95A0 /* HelloCustomARWorldTests */ = {
			isa = PBXNativeTarget;
			buildConfigurationList = B95418C52D021929007D95A0 /* Build configuration list for PBXNativeTarget "HelloCustomARWorldTests" */;
			buildPhases = (
				B95418AA2D021929007D95A0 /* Sources */,
				B95418AB2D021929007D95A0 /* Frameworks */,
				B95418AC2D021929007D95A0 /* Resources */,
			);
			buildRules = (
			);
			dependencies = (
				B95418B02D021929007D95A0 /* PBXTargetDependency */,
			);
			fileSystemSynchronizedGroups = (
				B95418B12D021929007D95A0 /* HelloCustomARWorldTests */,
			);
			name = HelloCustomARWorldTests;
			packageProductDependencies = (
			);
			productName = HelloCustomARWorldTests;
			productReference = B95418AE2D021929007D95A0 /* HelloCustomARWorldTests.xctest */;
			productType = "com.apple.product-type.bundle.unit-test";
		};
		B95418B72D021929007D95A0 /* HelloCustomARWorldUITests */ = {
			isa = PBXNativeTarget;
			buildConfigurationList = B95418C82D021929007D95A0 /* Build configuration list for PBXNativeTarget "HelloCustomARWorldUITests" */;
			buildPhases = (
				B95418B42D021929007D95A0 /* Sources */,
				B95418B52D021929007D95A0 /* Frameworks */,
				B95418B62D021929007D95A0 /* Resources */,
			);
			buildRules = (
			);
			dependencies = (
				B95418BA2D021929007D95A0 /* PBXTargetDependency */,
			);
			fileSystemSynchronizedGroups = (
				B95418BB2D021929007D95A0 /* HelloCustomARWorldUITests */,
			);
			name = HelloCustomARWorldUITests;
			packageProductDependencies = (
			);
			productName = HelloCustomARWorldUITests;
			productReference = B95418B82D021929007D95A0 /* HelloCustomARWorldUITests.xctest */;
			productType = "com.apple.product-type.bundle.ui-testing";
		};
/* End PBXNativeTarget section */

/* Begin PBXProject section */
		B95418962D021927007D95A0 /* Project object */ = {
			isa = PBXProject;
			attributes = {
				BuildIndependentTargetsInParallel = 1;
				LastSwiftUpdateCheck = 1610;
				LastUpgradeCheck = 1610;
				TargetAttributes = {
					B954189D2D021927007D95A0 = {
						CreatedOnToolsVersion = 16.1;
					};
					B95418AD2D021929007D95A0 = {
						CreatedOnToolsVersion = 16.1;
						TestTargetID = B954189D2D021927007D95A0;
					};
					B95418B72D021929007D95A0 = {
						CreatedOnToolsVersion = 16.1;
						TestTargetID = B954189D2D021927007D95A0;
					};
				};
			};
			buildConfigurationList = B95418992D021927007D95A0 /* Build configuration list for PBXProject "HelloCustomARWorld" */;
			developmentRegion = en;
			hasScannedForEncodings = 0;
			knownRegions = (
				en,
				Base,
			);
			mainGroup = B95418952D021927007D95A0;
			minimizedProjectReferenceProxies = 1;
			preferredProjectObjectVersion = 77;
			productRefGroup = B954189F2D021927007D95A0 /* Products */;
			projectDirPath = "";
			projectRoot = "";
			targets = (
				B954189D2D021927007D95A0 /* HelloCustomARWorld */,
				B95418AD2D021929007D95A0 /* HelloCustomARWorldTests */,
				B95418B72D021929007D95A0 /* HelloCustomARWorldUITests */,
			);
		};
/* End PBXProject section */

/* Begin PBXResourcesBuildPhase section */
		B954189C2D021927007D95A0 /* Resources */ = {
			isa = PBXResourcesBuildPhase;
			buildActionMask = 2147483647;
			files = (
			);
			runOnlyForDeploymentPostprocessing = 0;
		};
		B95418AC2D021929007D95A0 /* Resources */ = {
			isa = PBXResourcesBuildPhase;
			buildActionMask = 2147483647;
			files = (
			);
			runOnlyForDeploymentPostprocessing = 0;
		};
		B95418B62D021929007D95A0 /* Resources */ = {
			isa = PBXResourcesBuildPhase;
			buildActionMask = 2147483647;
			files = (
			);
			runOnlyForDeploymentPostprocessing = 0;
		};
/* End PBXResourcesBuildPhase section */

/* Begin PBXSourcesBuildPhase section */
		B954189A2D021927007D95A0 /* Sources */ = {
			isa = PBXSourcesBuildPhase;
			buildActionMask = 2147483647;
			files = (
			);
			runOnlyForDeploymentPostprocessing = 0;
		};
		B95418AA2D021929007D95A0 /* Sources */ = {
			isa = PBXSourcesBuildPhase;
			buildActionMask = 2147483647;
			files = (
			);
			runOnlyForDeploymentPostprocessing = 0;
		};
		B95418B42D021929007D95A0 /* Sources */ = {
			isa = PBXSourcesBuildPhase;
			buildActionMask = 2147483647;
			files = (
			);
			runOnlyForDeploymentPostprocessing = 0;
		};
/* End PBXSourcesBuildPhase section */

/* Begin PBXTargetDependency section */
		B95418B02D021929007D95A0 /* PBXTargetDependency */ = {
			isa = PBXTargetDependency;
			target = B954189D2D021927007D95A0 /* HelloCustomARWorld */;
			targetProxy = B95418AF2D021929007D95A0 /* PBXContainerItemProxy */;
		};
		B95418BA2D021929007D95A0 /* PBXTargetDependency */ = {
			isa = PBXTargetDependency;
			target = B954189D2D021927007D95A0 /* HelloCustomARWorld */;
			targetProxy = B95418B92D021929007D95A0 /* PBXContainerItemProxy */;
		};
/* End PBXTargetDependency section */

/* Begin XCBuildConfiguration section */
		B95418C02D021929007D95A0 /* Debug */ = {
			isa = XCBuildConfiguration;
			buildSettings = {
				ALWAYS_SEARCH_USER_PATHS = NO;
				ASSETCATALOG_COMPILER_GENERATE_SWIFT_ASSET_SYMBOL_EXTENSIONS = YES;
				CLANG_ANALYZER_NONNULL = YES;
				CLANG_ANALYZER_NUMBER_OBJECT_CONVERSION = YES_AGGRESSIVE;
				CLANG_CXX_LANGUAGE_STANDARD = "gnu++20";
				CLANG_ENABLE_MODULES = YES;
				CLANG_ENABLE_OBJC_ARC = YES;
				CLANG_ENABLE_OBJC_WEAK = YES;
				CLANG_WARN_BLOCK_CAPTURE_AUTORELEASING = YES;
				CLANG_WARN_BOOL_CONVERSION = YES;
				CLANG_WARN_COMMA = YES;
				CLANG_WARN_CONSTANT_CONVERSION = YES;
				CLANG_WARN_DEPRECATED_OBJC_IMPLEMENTATIONS = YES;
				CLANG_WARN_DIRECT_OBJC_ISA_USAGE = YES_ERROR;
				CLANG_WARN_DOCUMENTATION_COMMENTS = YES;
				CLANG_WARN_EMPTY_BODY = YES;
				CLANG_WARN_ENUM_CONVERSION = YES;
				CLANG_WARN_INFINITE_RECURSION = YES;
				CLANG_WARN_INT_CONVERSION = YES;
				CLANG_WARN_NON_LITERAL_NULL_CONVERSION = YES;
				CLANG_WARN_OBJC_IMPLICIT_RETAIN_SELF = YES;
				CLANG_WARN_OBJC_LITERAL_CONVERSION = YES;
				CLANG_WARN_OBJC_ROOT_CLASS = YES_ERROR;
				CLANG_WARN_QUOTED_INCLUDE_IN_FRAMEWORK_HEADER = YES;
				CLANG_WARN_RANGE_LOOP_ANALYSIS = YES;
				CLANG_WARN_STRICT_PROTOTYPES = YES;
				CLANG_WARN_SUSPICIOUS_MOVE = YES;
				CLANG_WARN_UNGUARDED_AVAILABILITY = YES_AGGRESSIVE;
				CLANG_WARN_UNREACHABLE_CODE = YES;
				CLANG_WARN__DUPLICATE_METHOD_MATCH = YES;
				COPY_PHASE_STRIP = NO;
				DEBUG_INFORMATION_FORMAT = dwarf;
				ENABLE_STRICT_OBJC_MSGSEND = YES;
				ENABLE_TESTABILITY = YES;
				ENABLE_USER_SCRIPT_SANDBOXING = YES;
				GCC_C_LANGUAGE_STANDARD = gnu17;
				GCC_DYNAMIC_NO_PIC = NO;
				GCC_NO_COMMON_BLOCKS = YES;
				GCC_OPTIMIZATION_LEVEL = 0;
				GCC_PREPROCESSOR_DEFINITIONS = (
					"DEBUG=1",
					"$(inherited)",
				);
				GCC_WARN_64_TO_32_BIT_CONVERSION = YES;
				GCC_WARN_ABOUT_RETURN_TYPE = YES_ERROR;
				GCC_WARN_UNDECLARED_SELECTOR = YES;
				GCC_WARN_UNINITIALIZED_AUTOS = YES_AGGRESSIVE;
				GCC_WARN_UNUSED_FUNCTION = YES;
				GCC_WARN_UNUSED_VARIABLE = YES;
				IPHONEOS_DEPLOYMENT_TARGET = 18.1;
				LOCALIZATION_PREFERS_STRING_CATALOGS = YES;
				MTL_ENABLE_DEBUG_INFO = INCLUDE_SOURCE;
				MTL_FAST_MATH = YES;
				ONLY_ACTIVE_ARCH = YES;
				SDKROOT = iphoneos;
				SWIFT_ACTIVE_COMPILATION_CONDITIONS = "DEBUG $(inherited)";
				SWIFT_OPTIMIZATION_LEVEL = "-Onone";
			};
			name = Debug;
		};
		B95418C12D021929007D95A0 /* Release */ = {
			isa = XCBuildConfiguration;
			buildSettings = {
				ALWAYS_SEARCH_USER_PATHS = NO;
				ASSETCATALOG_COMPILER_GENERATE_SWIFT_ASSET_SYMBOL_EXTENSIONS = YES;
				CLANG_ANALYZER_NONNULL = YES;
				CLANG_ANALYZER_NUMBER_OBJECT_CONVERSION = YES_AGGRESSIVE;
				CLANG_CXX_LANGUAGE_STANDARD = "gnu++20";
				CLANG_ENABLE_MODULES = YES;
				CLANG_ENABLE_OBJC_ARC = YES;
				CLANG_ENABLE_OBJC_WEAK = YES;
				CLANG_WARN_BLOCK_CAPTURE_AUTORELEASING = YES;
				CLANG_WARN_BOOL_CONVERSION = YES;
				CLANG_WARN_COMMA = YES;
				CLANG_WARN_CONSTANT_CONVERSION = YES;
				CLANG_WARN_DEPRECATED_OBJC_IMPLEMENTATIONS = YES;
				CLANG_WARN_DIRECT_OBJC_ISA_USAGE = YES_ERROR;
				CLANG_WARN_DOCUMENTATION_COMMENTS = YES;
				CLANG_WARN_EMPTY_BODY = YES;
				CLANG_WARN_ENUM_CONVERSION = YES;
				CLANG_WARN_INFINITE_RECURSION = YES;
				CLANG_WARN_INT_CONVERSION = YES;
				CLANG_WARN_NON_LITERAL_NULL_CONVERSION = YES;
				CLANG_WARN_OBJC_IMPLICIT_RETAIN_SELF = YES;
				CLANG_WARN_OBJC_LITERAL_CONVERSION = YES;
				CLANG_WARN_OBJC_ROOT_CLASS = YES_ERROR;
				CLANG_WARN_QUOTED_INCLUDE_IN_FRAMEWORK_HEADER = YES;
				CLANG_WARN_RANGE_LOOP_ANALYSIS = YES;
				CLANG_WARN_STRICT_PROTOTYPES = YES;
				CLANG_WARN_SUSPICIOUS_MOVE = YES;
				CLANG_WARN_UNGUARDED_AVAILABILITY = YES_AGGRESSIVE;
				CLANG_WARN_UNREACHABLE_CODE = YES;
				CLANG_WARN__DUPLICATE_METHOD_MATCH = YES;
				COPY_PHASE_STRIP = NO;
				DEBUG_INFORMATION_FORMAT = "dwarf-with-dsym";
				ENABLE_NS_ASSERTIONS = NO;
				ENABLE_STRICT_OBJC_MSGSEND = YES;
				ENABLE_USER_SCRIPT_SANDBOXING = YES;
				GCC_C_LANGUAGE_STANDARD = gnu17;
				GCC_NO_COMMON_BLOCKS = YES;
				GCC_WARN_64_TO_32_BIT_CONVERSION = YES;
				GCC_WARN_ABOUT_RETURN_TYPE = YES_ERROR;
				GCC_WARN_UNDECLARED_SELECTOR = YES;
				GCC_WARN_UNINITIALIZED_AUTOS = YES_AGGRESSIVE;
				GCC_WARN_UNUSED_FUNCTION = YES;
				GCC_WARN_UNUSED_VARIABLE = YES;
				IPHONEOS_DEPLOYMENT_TARGET = 18.1;
				LOCALIZATION_PREFERS_STRING_CATALOGS = YES;
				MTL_ENABLE_DEBUG_INFO = NO;
				MTL_FAST_MATH = YES;
				SDKROOT = iphoneos;
				SWIFT_COMPILATION_MODE = wholemodule;
				VALIDATE_PRODUCT = YES;
			};
			name = Release;
		};
		B95418C32D021929007D95A0 /* Debug */ = {
			isa = XCBuildConfiguration;
			buildSettings = {
				ASSETCATALOG_COMPILER_APPICON_NAME = AppIcon;
				ASSETCATALOG_COMPILER_GLOBAL_ACCENT_COLOR_NAME = AccentColor;
				CODE_SIGN_STYLE = Automatic;
				CURRENT_PROJECT_VERSION = 1;
				DEVELOPMENT_ASSET_PATHS = "\"HelloCustomARWorld/Preview Content\"";
				DEVELOPMENT_TEAM = 9R488Q5966;
				ENABLE_PREVIEWS = YES;
				GENERATE_INFOPLIST_FILE = YES;
				INFOPLIST_KEY_NSCameraUsageDescription = "";
				INFOPLIST_KEY_UIApplicationSupportsIndirectInputEvents = YES;
				INFOPLIST_KEY_UILaunchScreen_Generation = YES;
				INFOPLIST_KEY_UIRequiredDeviceCapabilities = arkit;
				INFOPLIST_KEY_UIStatusBarHidden = YES;
				INFOPLIST_KEY_UISupportedInterfaceOrientations_iPad = "UIInterfaceOrientationPortrait UIInterfaceOrientationPortraitUpsideDown UIInterfaceOrientationLandscapeLeft UIInterfaceOrientationLandscapeRight";
				INFOPLIST_KEY_UISupportedInterfaceOrientations_iPhone = "UIInterfaceOrientationPortrait UIInterfaceOrientationLandscapeLeft UIInterfaceOrientationLandscapeRight";
				LD_RUNPATH_SEARCH_PATHS = (
					"$(inherited)",
					"@executable_path/Frameworks",
				);
				MARKETING_VERSION = 1.0;
				PRODUCT_BUNDLE_IDENTIFIER = de.brunata.ios.HelloCustomARWorld;
				PRODUCT_NAME = "$(TARGET_NAME)";
				SWIFT_EMIT_LOC_STRINGS = YES;
				SWIFT_VERSION = 5.0;
				TARGETED_DEVICE_FAMILY = "1,2";
			};
			name = Debug;
		};
		B95418C42D021929007D95A0 /* Release */ = {
			isa = XCBuildConfiguration;
			buildSettings = {
				ASSETCATALOG_COMPILER_APPICON_NAME = AppIcon;
				ASSETCATALOG_COMPILER_GLOBAL_ACCENT_COLOR_NAME = AccentColor;
				CODE_SIGN_STYLE = Automatic;
				CURRENT_PROJECT_VERSION = 1;
				DEVELOPMENT_ASSET_PATHS = "\"HelloCustomARWorld/Preview Content\"";
				DEVELOPMENT_TEAM = 9R488Q5966;
				ENABLE_PREVIEWS = YES;
				GENERATE_INFOPLIST_FILE = YES;
				INFOPLIST_KEY_NSCameraUsageDescription = "";
				INFOPLIST_KEY_UIApplicationSupportsIndirectInputEvents = YES;
				INFOPLIST_KEY_UILaunchScreen_Generation = YES;
				INFOPLIST_KEY_UIRequiredDeviceCapabilities = arkit;
				INFOPLIST_KEY_UIStatusBarHidden = YES;
				INFOPLIST_KEY_UISupportedInterfaceOrientations_iPad = "UIInterfaceOrientationPortrait UIInterfaceOrientationPortraitUpsideDown UIInterfaceOrientationLandscapeLeft UIInterfaceOrientationLandscapeRight";
				INFOPLIST_KEY_UISupportedInterfaceOrientations_iPhone = "UIInterfaceOrientationPortrait UIInterfaceOrientationLandscapeLeft UIInterfaceOrientationLandscapeRight";
				LD_RUNPATH_SEARCH_PATHS = (
					"$(inherited)",
					"@executable_path/Frameworks",
				);
				MARKETING_VERSION = 1.0;
				PRODUCT_BUNDLE_IDENTIFIER = de.brunata.ios.HelloCustomARWorld;
				PRODUCT_NAME = "$(TARGET_NAME)";
				SWIFT_EMIT_LOC_STRINGS = YES;
				SWIFT_VERSION = 5.0;
				TARGETED_DEVICE_FAMILY = "1,2";
			};
			name = Release;
		};
		B95418C62D021929007D95A0 /* Debug */ = {
			isa = XCBuildConfiguration;
			buildSettings = {
				BUNDLE_LOADER = "$(TEST_HOST)";
				CODE_SIGN_STYLE = Automatic;
				CURRENT_PROJECT_VERSION = 1;
				DEVELOPMENT_TEAM = 9R488Q5966;
				GENERATE_INFOPLIST_FILE = YES;
				IPHONEOS_DEPLOYMENT_TARGET = 18.1;
				MARKETING_VERSION = 1.0;
				PRODUCT_BUNDLE_IDENTIFIER = de.brunata.ios.HelloCustomARWorldTests;
				PRODUCT_NAME = "$(TARGET_NAME)";
				SWIFT_EMIT_LOC_STRINGS = NO;
				SWIFT_VERSION = 5.0;
				TARGETED_DEVICE_FAMILY = "1,2";
				TEST_HOST = "$(BUILT_PRODUCTS_DIR)/HelloCustomARWorld.app/$(BUNDLE_EXECUTABLE_FOLDER_PATH)/HelloCustomARWorld";
			};
			name = Debug;
		};
		B95418C72D021929007D95A0 /* Release */ = {
			isa = XCBuildConfiguration;
			buildSettings = {
				BUNDLE_LOADER = "$(TEST_HOST)";
				CODE_SIGN_STYLE = Automatic;
				CURRENT_PROJECT_VERSION = 1;
				DEVELOPMENT_TEAM = 9R488Q5966;
				GENERATE_INFOPLIST_FILE = YES;
				IPHONEOS_DEPLOYMENT_TARGET = 18.1;
				MARKETING_VERSION = 1.0;
				PRODUCT_BUNDLE_IDENTIFIER = de.brunata.ios.HelloCustomARWorldTests;
				PRODUCT_NAME = "$(TARGET_NAME)";
				SWIFT_EMIT_LOC_STRINGS = NO;
				SWIFT_VERSION = 5.0;
				TARGETED_DEVICE_FAMILY = "1,2";
				TEST_HOST = "$(BUILT_PRODUCTS_DIR)/HelloCustomARWorld.app/$(BUNDLE_EXECUTABLE_FOLDER_PATH)/HelloCustomARWorld";
			};
			name = Release;
		};
		B95418C92D021929007D95A0 /* Debug */ = {
			isa = XCBuildConfiguration;
			buildSettings = {
				CODE_SIGN_STYLE = Automatic;
				CURRENT_PROJECT_VERSION = 1;
				DEVELOPMENT_TEAM = 9R488Q5966;
				GENERATE_INFOPLIST_FILE = YES;
				MARKETING_VERSION = 1.0;
				PRODUCT_BUNDLE_IDENTIFIER = de.brunata.ios.HelloCustomARWorldUITests;
				PRODUCT_NAME = "$(TARGET_NAME)";
				SWIFT_EMIT_LOC_STRINGS = NO;
				SWIFT_VERSION = 5.0;
				TARGETED_DEVICE_FAMILY = "1,2";
				TEST_TARGET_NAME = HelloCustomARWorld;
			};
			name = Debug;
		};
		B95418CA2D021929007D95A0 /* Release */ = {
			isa = XCBuildConfiguration;
			buildSettings = {
				CODE_SIGN_STYLE = Automatic;
				CURRENT_PROJECT_VERSION = 1;
				DEVELOPMENT_TEAM = 9R488Q5966;
				GENERATE_INFOPLIST_FILE = YES;
				MARKETING_VERSION = 1.0;
				PRODUCT_BUNDLE_IDENTIFIER = de.brunata.ios.HelloCustomARWorldUITests;
				PRODUCT_NAME = "$(TARGET_NAME)";
				SWIFT_EMIT_LOC_STRINGS = NO;
				SWIFT_VERSION = 5.0;
				TARGETED_DEVICE_FAMILY = "1,2";
				TEST_TARGET_NAME = HelloCustomARWorld;
			};
			name = Release;
		};
/* End XCBuildConfiguration section */

/* Begin XCConfigurationList section */
		B95418992D021927007D95A0 /* Build configuration list for PBXProject "HelloCustomARWorld" */ = {
			isa = XCConfigurationList;
			buildConfigurations = (
				B95418C02D021929007D95A0 /* Debug */,
				B95418C12D021929007D95A0 /* Release */,
			);
			defaultConfigurationIsVisible = 0;
			defaultConfigurationName = Release;
		};
		B95418C22D021929007D95A0 /* Build configuration list for PBXNativeTarget "HelloCustomARWorld" */ = {
			isa = XCConfigurationList;
			buildConfigurations = (
				B95418C32D021929007D95A0 /* Debug */,
				B95418C42D021929007D95A0 /* Release */,
			);
			defaultConfigurationIsVisible = 0;
			defaultConfigurationName = Release;
		};
		B95418C52D021929007D95A0 /* Build configuration list for PBXNativeTarget "HelloCustomARWorldTests" */ = {
			isa = XCConfigurationList;
			buildConfigurations = (
				B95418C62D021929007D95A0 /* Debug */,
				B95418C72D021929007D95A0 /* Release */,
			);
			defaultConfigurationIsVisible = 0;
			defaultConfigurationName = Release;
		};
		B95418C82D021929007D95A0 /* Build configuration list for PBXNativeTarget "HelloCustomARWorldUITests" */ = {
			isa = XCConfigurationList;
			buildConfigurations = (
				B95418C92D021929007D95A0 /* Debug */,
				B95418CA2D021929007D95A0 /* Release */,
			);
			defaultConfigurationIsVisible = 0;
			defaultConfigurationName = Release;
		};
/* End XCConfigurationList section */
	};
	rootObject = B95418962D021927007D95A0 /* Project object */;
}
